{
  "version": 4,
  "terraform_version": "0.14.3",
  "serial": 4,
  "lineage": "cb85d4f9-f97e-6ef5-7268-2937347b11c2",
  "outputs": {},
  "resources": [
    {
      "mode": "managed",
      "type": "aws_vpc",
      "name": "aws",
      "provider": "provider[\"registry.terraform.io/hashicorp/aws\"]",
      "instances": [
        {
          "schema_version": 1,
          "attributes": {
            "arn": "arn:aws:ec2:ap-southeast-1:902545120538:vpc/vpc-02c0e5c0fa9f2adbb",
            "assign_generated_ipv6_cidr_block": false,
            "cidr_block": "10.0.0.0/16",
            "default_network_acl_id": "acl-0fee7efc7736c1e34",
            "default_route_table_id": "rtb-0827e78131b2cd776",
            "default_security_group_id": "sg-081bd77a216744d83",
            "dhcp_options_id": "dopt-06648660",
            "enable_classiclink": false,
            "enable_classiclink_dns_support": false,
            "enable_dns_hostnames": false,
            "enable_dns_support": true,
            "id": "vpc-02c0e5c0fa9f2adbb",
            "instance_tenancy": "default",
            "ipv6_association_id": "",
            "ipv6_cidr_block": "",
            "main_route_table_id": "rtb-0827e78131b2cd776",
            "owner_id": "902545120538",
            "tags": {
              "Environment": "QA",
              "Name": "Demo",
              "Terraformed": "True"
            }
          },
          "sensitive_attributes": [],
          "private": "eyJzY2hlbWFfdmVyc2lvbiI6IjEifQ=="
        }
      ]
    }
  ]
}
